
Microsoft Visual Studio Solution File, Format Version 12.00
# Visual Studio Version 17
VisualStudioVersion = 17.0.31903.59
MinimumVisualStudioVersion = 10.0.40219.1
Project("{2150E333-8FDC-42A3-9474-1A3956D46DE8}") = "src", "src", "{827E0CD3-B72D-47B6-A68D-7590B98EB39B}"
EndProject
Project("{FAE04EC0-301F-11D3-BF4B-00C04F79EFBC}") = "PasswordManager.API", "src\PasswordManager.API\PasswordManager.API.csproj", "{08367371-CF48-4D48-BB04-0C974310F180}"
EndProject
Project("{FAE04EC0-301F-11D3-BF4B-00C04F79EFBC}") = "PasswordManager.Application", "src\PasswordManager.Application\PasswordManager.Application.csproj", "{91C8523A-1C93-4D19-9C08-D8C12F6865FD}"
EndProject
Project("{FAE04EC0-301F-11D3-BF4B-00C04F79EFBC}") = "PasswordManager.Domain", "src\PasswordManager.Domain\PasswordManager.Domain.csproj", "{561F99C8-3ACF-4E9B-AED3-D1E4CA2A19E9}"
EndProject
Project("{FAE04EC0-301F-11D3-BF4B-00C04F79EFBC}") = "PasswordManager.Infrastructure", "src\PasswordManager.Infrastructure\PasswordManager.Infrastructure.csproj", "{C640E242-DD65-4AAD-8F5B-357E7B45EC0F}"
EndProject
Global
	GlobalSection(SolutionConfigurationPlatforms) = preSolution
		Debug|Any CPU = Debug|Any CPU
		Debug|x64 = Debug|x64
		Debug|x86 = Debug|x86
		Release|Any CPU = Release|Any CPU
		Release|x64 = Release|x64
		Release|x86 = Release|x86
	EndGlobalSection
	GlobalSection(ProjectConfigurationPlatforms) = postSolution
		{08367371-CF48-4D48-BB04-0C974310F180}.Debug|Any CPU.ActiveCfg = Debug|Any CPU
		{08367371-CF48-4D48-BB04-0C974310F180}.Debug|Any CPU.Build.0 = Debug|Any CPU
		{08367371-CF48-4D48-BB04-0C974310F180}.Debug|x64.ActiveCfg = Debug|Any CPU
		{08367371-CF48-4D48-BB04-0C974310F180}.Debug|x64.Build.0 = Debug|Any CPU
		{08367371-CF48-4D48-BB04-0C974310F180}.Debug|x86.ActiveCfg = Debug|Any CPU
		{08367371-CF48-4D48-BB04-0C974310F180}.Debug|x86.Build.0 = Debug|Any CPU
		{08367371-CF48-4D48-BB04-0C974310F180}.Release|Any CPU.ActiveCfg = Release|Any CPU
		{08367371-CF48-4D48-BB04-0C974310F180}.Release|Any CPU.Build.0 = Release|Any CPU
		{08367371-CF48-4D48-BB04-0C974310F180}.Release|x64.ActiveCfg = Release|Any CPU
		{08367371-CF48-4D48-BB04-0C974310F180}.Release|x64.Build.0 = Release|Any CPU
		{08367371-CF48-4D48-BB04-0C974310F180}.Release|x86.ActiveCfg = Release|Any CPU
		{08367371-CF48-4D48-BB04-0C974310F180}.Release|x86.Build.0 = Release|Any CPU
		{91C8523A-1C93-4D19-9C08-D8C12F6865FD}.Debug|Any CPU.ActiveCfg = Debug|Any CPU
		{91C8523A-1C93-4D19-9C08-D8C12F6865FD}.Debug|Any CPU.Build.0 = Debug|Any CPU
		{91C8523A-1C93-4D19-9C08-D8C12F6865FD}.Debug|x64.ActiveCfg = Debug|Any CPU
		{91C8523A-1C93-4D19-9C08-D8C12F6865FD}.Debug|x64.Build.0 = Debug|Any CPU
		{91C8523A-1C93-4D19-9C08-D8C12F6865FD}.Debug|x86.ActiveCfg = Debug|Any CPU
		{91C8523A-1C93-4D19-9C08-D8C12F6865FD}.Debug|x86.Build.0 = Debug|Any CPU
		{91C8523A-1C93-4D19-9C08-D8C12F6865FD}.Release|Any CPU.ActiveCfg = Release|Any CPU
		{91C8523A-1C93-4D19-9C08-D8C12F6865FD}.Release|Any CPU.Build.0 = Release|Any CPU
		{91C8523A-1C93-4D19-9C08-D8C12F6865FD}.Release|x64.ActiveCfg = Release|Any CPU
		{91C8523A-1C93-4D19-9C08-D8C12F6865FD}.Release|x64.Build.0 = Release|Any CPU
		{91C8523A-1C93-4D19-9C08-D8C12F6865FD}.Release|x86.ActiveCfg = Release|Any CPU
		{91C8523A-1C93-4D19-9C08-D8C12F6865FD}.Release|x86.Build.0 = Release|Any CPU
		{561F99C8-3ACF-4E9B-AED3-D1E4CA2A19E9}.Debug|Any CPU.ActiveCfg = Debug|Any CPU
		{561F99C8-3ACF-4E9B-AED3-D1E4CA2A19E9}.Debug|Any CPU.Build.0 = Debug|Any CPU
		{561F99C8-3ACF-4E9B-AED3-D1E4CA2A19E9}.Debug|x64.ActiveCfg = Debug|Any CPU
		{561F99C8-3ACF-4E9B-AED3-D1E4CA2A19E9}.Debug|x64.Build.0 = Debug|Any CPU
		{561F99C8-3ACF-4E9B-AED3-D1E4CA2A19E9}.Debug|x86.ActiveCfg = Debug|Any CPU
		{561F99C8-3ACF-4E9B-AED3-D1E4CA2A19E9}.Debug|x86.Build.0 = Debug|Any CPU
		{561F99C8-3ACF-4E9B-AED3-D1E4CA2A19E9}.Release|Any CPU.ActiveCfg = Release|Any CPU
		{561F99C8-3ACF-4E9B-AED3-D1E4CA2A19E9}.Release|Any CPU.Build.0 = Release|Any CPU
		{561F99C8-3ACF-4E9B-AED3-D1E4CA2A19E9}.Release|x64.ActiveCfg = Release|Any CPU
		{561F99C8-3ACF-4E9B-AED3-D1E4CA2A19E9}.Release|x64.Build.0 = Release|Any CPU
		{561F99C8-3ACF-4E9B-AED3-D1E4CA2A19E9}.Release|x86.ActiveCfg = Release|Any CPU
		{561F99C8-3ACF-4E9B-AED3-D1E4CA2A19E9}.Release|x86.Build.0 = Release|Any CPU
		{C640E242-DD65-4AAD-8F5B-357E7B45EC0F}.Debug|Any CPU.ActiveCfg = Debug|Any CPU
		{C640E242-DD65-4AAD-8F5B-357E7B45EC0F}.Debug|Any CPU.Build.0 = Debug|Any CPU
		{C640E242-DD65-4AAD-8F5B-357E7B45EC0F}.Debug|x64.ActiveCfg = Debug|Any CPU
		{C640E242-DD65-4AAD-8F5B-357E7B45EC0F}.Debug|x64.Build.0 = Debug|Any CPU
		{C640E242-DD65-4AAD-8F5B-357E7B45EC0F}.Debug|x86.ActiveCfg = Debug|Any CPU
		{C640E242-DD65-4AAD-8F5B-357E7B45EC0F}.Debug|x86.Build.0 = Debug|Any CPU
		{C640E242-DD65-4AAD-8F5B-357E7B45EC0F}.Release|Any CPU.ActiveCfg = Release|Any CPU
		{C640E242-DD65-4AAD-8F5B-357E7B45EC0F}.Release|Any CPU.Build.0 = Release|Any CPU
		{C640E242-DD65-4AAD-8F5B-357E7B45EC0F}.Release|x64.ActiveCfg = Release|Any CPU
		{C640E242-DD65-4AAD-8F5B-357E7B45EC0F}.Release|x64.Build.0 = Release|Any CPU
		{C640E242-DD65-4AAD-8F5B-357E7B45EC0F}.Release|x86.ActiveCfg = Release|Any CPU
		{C640E242-DD65-4AAD-8F5B-357E7B45EC0F}.Release|x86.Build.0 = Release|Any CPU
	EndGlobalSection
	GlobalSection(SolutionProperties) = preSolution
		HideSolutionNode = FALSE
	EndGlobalSection
	GlobalSection(NestedProjects) = preSolution
		{08367371-CF48-4D48-BB04-0C974310F180} = {827E0CD3-B72D-47B6-A68D-7590B98EB39B}
		{91C8523A-1C93-4D19-9C08-D8C12F6865FD} = {827E0CD3-B72D-47B6-A68D-7590B98EB39B}
		{561F99C8-3ACF-4E9B-AED3-D1E4CA2A19E9} = {827E0CD3-B72D-47B6-A68D-7590B98EB39B}
		{C640E242-DD65-4AAD-8F5B-357E7B45EC0F} = {827E0CD3-B72D-47B6-A68D-7590B98EB39B}
	EndGlobalSection
EndGlobal
